// !$*UTF8*$!
{
	archiveVersion = 1;
	classes = {
	};
	objectVersion = 51;
	objects = {

/* Begin PBXBuildFile section */
		2D0006362406362F00D8D15D /* AppDelegate.swift in Sources */ = {isa = PBXBuildFile; fileRef = 2D0006352406362F00D8D15D /* AppDelegate.swift */; };
		2D0006382406362F00D8D15D /* SceneDelegate.swift in Sources */ = {isa = PBXBuildFile; fileRef = 2D0006372406362F00D8D15D /* SceneDelegate.swift */; };
		2D00063A2406362F00D8D15D /* ViewController.swift in Sources */ = {isa = PBXBuildFile; fileRef = 2D0006392406362F00D8D15D /* ViewController.swift */; };
		2D00063D2406362F00D8D15D /* Main.storyboard in Resources */ = {isa = PBXBuildFile; fileRef = 2D00063B2406362F00D8D15D /* Main.storyboard */; };
		2D00063F2406363000D8D15D /* Assets.xcassets in Resources */ = {isa = PBXBuildFile; fileRef = 2D00063E2406363000D8D15D /* Assets.xcassets */; };
		2D0006422406363000D8D15D /* LaunchScreen.storyboard in Resources */ = {isa = PBXBuildFile; fileRef = 2D0006402406363000D8D15D /* LaunchScreen.storyboard */; };
		9104009C58DBDD296A385FDF /* Pods_NeedyApp2.framework in Frameworks */ = {isa = PBXBuildFile; fileRef = 19934505A721E0AF31E13C83 /* Pods_NeedyApp2.framework */; };
/* End PBXBuildFile section */

/* Begin PBXFileReference section */
		19934505A721E0AF31E13C83 /* Pods_NeedyApp2.framework */ = {isa = PBXFileReference; explicitFileType = wrapper.framework; includeInIndex = 0; path = Pods_NeedyApp2.framework; sourceTree = BUILT_PRODUCTS_DIR; };
		2D0006322406362F00D8D15D /* NeedyApp2.app */ = {isa = PBXFileReference; explicitFileType = wrapper.application; includeInIndex = 0; path = NeedyApp2.app; sourceTree = BUILT_PRODUCTS_DIR; };
		2D0006352406362F00D8D15D /* AppDelegate.swift */ = {isa = PBXFileReference; lastKnownFileType = sourcecode.swift; path = AppDelegate.swift; sourceTree = "<group>"; };
		2D0006372406362F00D8D15D /* SceneDelegate.swift */ = {isa = PBXFileReference; lastKnownFileType = sourcecode.swift; path = SceneDelegate.swift; sourceTree = "<group>"; };
		2D0006392406362F00D8D15D /* ViewController.swift */ = {isa = PBXFileReference; lastKnownFileType = sourcecode.swift; path = ViewController.swift; sourceTree = "<group>"; };
		2D00063C2406362F00D8D15D /* Base */ = {isa = PBXFileReference; lastKnownFileType = file.storyboard; name = Base; path = Base.lproj/Main.storyboard; sourceTree = "<group>"; };
		2D00063E2406363000D8D15D /* Assets.xcassets */ = {isa = PBXFileReference; lastKnownFileType = folder.assetcatalog; path = Assets.xcassets; sourceTree = "<group>"; };
		2D0006412406363000D8D15D /* Base */ = {isa = PBXFileReference; lastKnownFileType = file.storyboard; name = Base; path = Base.lproj/LaunchScreen.storyboard; sourceTree = "<group>"; };
		2D0006432406363000D8D15D /* Info.plist */ = {isa = PBXFileReference; lastKnownFileType = text.plist.xml; path = Info.plist; sourceTree = "<group>"; };
		5BE706387B0C3E280B37DC4D /* Pods-NeedyApp2.release.xcconfig */ = {isa = PBXFileReference; includeInIndex = 1; lastKnownFileType = text.xcconfig; name = "Pods-NeedyApp2.release.xcconfig"; path = "Target Support Files/Pods-NeedyApp2/Pods-NeedyApp2.release.xcconfig"; sourceTree = "<group>"; };
		D05F0469D818F09B01DCE03A /* Pods-NeedyApp2.debug.xcconfig */ = {isa = PBXFileReference; includeInIndex = 1; lastKnownFileType = text.xcconfig; name = "Pods-NeedyApp2.debug.xcconfig"; path = "Target Support Files/Pods-NeedyApp2/Pods-NeedyApp2.debug.xcconfig"; sourceTree = "<group>"; };
/* End PBXFileReference section */

/* Begin PBXFrameworksBuildPhase section */
		2D00062F2406362F00D8D15D /* Frameworks */ = {
			isa = PBXFrameworksBuildPhase;
			buildActionMask = 2147483647;
			files = (
				9104009C58DBDD296A385FDF /* Pods_NeedyApp2.framework in Frameworks */,
			);
			runOnlyForDeploymentPostprocessing = 0;
		};
/* End PBXFrameworksBuildPhase section */

/* Begin PBXGroup section */
		2D0006292406362F00D8D15D = {
			isa = PBXGroup;
			children = (
				2D0006342406362F00D8D15D /* NeedyApp2 */,
				2D0006332406362F00D8D15D /* Products */,
				F48F682BAE8BA59D51FC9530 /* Pods */,
				8A4E0BBBBF3F8F3B4E6B3F22 /* Frameworks */,
			);
			sourceTree = "<group>";
		};
		2D0006332406362F00D8D15D /* Products */ = {
			isa = PBXGroup;
			children = (
				2D0006322406362F00D8D15D /* NeedyApp2.app */,
			);
			name = Products;
			sourceTree = "<group>";
		};
		2D0006342406362F00D8D15D /* NeedyApp2 */ = {
			isa = PBXGroup;
			children = (
				2D0006352406362F00D8D15D /* AppDelegate.swift */,
				2D0006372406362F00D8D15D /* SceneDelegate.swift */,
				2D0006392406362F00D8D15D /* ViewController.swift */,
				2D00063E2406363000D8D15D /* Assets.xcassets */,
				2D0006402406363000D8D15D /* LaunchScreen.storyboard */,
				2D00063B2406362F00D8D15D /* Main.storyboard */,
				2D0006432406363000D8D15D /* Info.plist */,
			);
			path = NeedyApp2;
			sourceTree = "<group>";
		};
		8A4E0BBBBF3F8F3B4E6B3F22 /* Frameworks */ = {
			isa = PBXGroup;
			children = (
				19934505A721E0AF31E13C83 /* Pods_NeedyApp2.framework */,
			);
			name = Frameworks;
			sourceTree = "<group>";
		};
		F48F682BAE8BA59D51FC9530 /* Pods */ = {
			isa = PBXGroup;
			children = (
				D05F0469D818F09B01DCE03A /* Pods-NeedyApp2.debug.xcconfig */,
				5BE706387B0C3E280B37DC4D /* Pods-NeedyApp2.release.xcconfig */,
			);
			path = Pods;
			sourceTree = "<group>";
		};
/* End PBXGroup section */

/* Begin PBXNativeTarget section */
		2D0006312406362F00D8D15D /* NeedyApp2 */ = {
			isa = PBXNativeTarget;
			buildConfigurationList = 2D0006462406363000D8D15D /* Build configuration list for PBXNativeTarget "NeedyApp2" */;
			buildPhases = (
				3BB2B5A3AA4E1B7C3906617F /* [CP] Check Pods Manifest.lock */,
				2D00062E2406362F00D8D15D /* Sources */,
				2D00062F2406362F00D8D15D /* Frameworks */,
				2D0006302406362F00D8D15D /* Resources */,
				15275BF64EE4F46AC79F8FF3 /* [CP] Embed Pods Frameworks */,
			);
			buildRules = (
			);
			dependencies = (
			);
			name = NeedyApp2;
			productName = NeedyApp2;
			productReference = 2D0006322406362F00D8D15D /* NeedyApp2.app */;
			productType = "com.apple.product-type.application";
		};
/* End PBXNativeTarget section */

/* Begin PBXProject section */
		2D00062A2406362F00D8D15D /* Project object */ = {
			isa = PBXProject;
			attributes = {
				LastSwiftUpdateCheck = 1110;
				LastUpgradeCheck = 1110;
				ORGANIZATIONNAME = Slimecorp;
				TargetAttributes = {
					2D0006312406362F00D8D15D = {
						CreatedOnToolsVersion = 11.1;
					};
				};
			};
			buildConfigurationList = 2D00062D2406362F00D8D15D /* Build configuration list for PBXProject "NeedyApp2" */;
			compatibilityVersion = "Xcode 9.3";
			developmentRegion = en;
			hasScannedForEncodings = 0;
			knownRegions = (
				en,
				Base,
			);
			mainGroup = 2D0006292406362F00D8D15D;
			productRefGroup = 2D0006332406362F00D8D15D /* Products */;
			projectDirPath = "";
			projectRoot = "";
			targets = (
				2D0006312406362F00D8D15D /* NeedyApp2 */,
			);
		};
/* End PBXProject section */

/* Begin PBXResourcesBuildPhase section */
		2D0006302406362F00D8D15D /* Resources */ = {
			isa = PBXResourcesBuildPhase;
			buildActionMask = 2147483647;
			files = (
				2D0006422406363000D8D15D /* LaunchScreen.storyboard in Resources */,
				2D00063F2406363000D8D15D /* Assets.xcassets in Resources */,
				2D00063D2406362F00D8D15D /* Main.storyboard in Resources */,
			);
			runOnlyForDeploymentPostprocessing = 0;
		};
/* End PBXResourcesBuildPhase section */

/* Begin PBXShellScriptBuildPhase section */
		15275BF64EE4F46AC79F8FF3 /* [CP] Embed Pods Frameworks */ = {
			isa = PBXShellScriptBuildPhase;
			buildActionMask = 2147483647;
			files = (
			);
			inputFileListPaths = (
				"${PODS_ROOT}/Target Support Files/Pods-NeedyApp2/Pods-NeedyApp2-frameworks-${CONFIGURATION}-input-files.xcfilelist",
			);
			name = "[CP] Embed Pods Frameworks";
			outputFileListPaths = (
				"${PODS_ROOT}/Target Support Files/Pods-NeedyApp2/Pods-NeedyApp2-frameworks-${CONFIGURATION}-output-files.xcfilelist",
			);
			runOnlyForDeploymentPostprocessing = 0;
			shellPath = /bin/sh;
			shellScript = "\"${PODS_ROOT}/Target Support Files/Pods-NeedyApp2/Pods-NeedyApp2-frameworks.sh\"\n";
			showEnvVarsInLog = 0;
		};
		3BB2B5A3AA4E1B7C3906617F /* [CP] Check Pods Manifest.lock */ = {
			isa = PBXShellScriptBuildPhase;
			buildActionMask = 2147483647;
			files = (
			);
			inputFileListPaths = (
			);
			inputPaths = (
				"${PODS_PODFILE_DIR_PATH}/Podfile.lock",
				"${PODS_ROOT}/Manifest.lock",
			);
			name = "[CP] Check Pods Manifest.lock";
			outputFileListPaths = (
			);
			outputPaths = (
				"$(DERIVED_FILE_DIR)/Pods-NeedyApp2-checkManifestLockResult.txt",
			);
			runOnlyForDeploymentPostprocessing = 0;
			shellPath = /bin/sh;
			shellScript = "diff \"${PODS_PODFILE_DIR_PATH}/Podfile.lock\" \"${PODS_ROOT}/Manifest.lock\" > /dev/null\nif [ $? != 0 ] ; then\n    # print error to STDERR\n    echo \"error: The sandbox is not in sync with the Podfile.lock. Run 'pod install' or update your CocoaPods installation.\" >&2\n    exit 1\nfi\n# This output is used by Xcode 'outputs' to avoid re-running this script phase.\necho \"SUCCESS\" > \"${SCRIPT_OUTPUT_FILE_0}\"\n";
			showEnvVarsInLog = 0;
		};
/* End PBXShellScriptBuildPhase section */

/* Begin PBXSourcesBuildPhase section */
		2D00062E2406362F00D8D15D /* Sources */ = {
			isa = PBXSourcesBuildPhase;
			buildActionMask = 2147483647;
			files = (
				2D00063A2406362F00D8D15D /* ViewController.swift in Sources */,
				2D0006362406362F00D8D15D /* AppDelegate.swift in Sources */,
				2D0006382406362F00D8D15D /* SceneDelegate.swift in Sources */,
			);
			runOnlyForDeploymentPostprocessing = 0;
		};
/* End PBXSourcesBuildPhase section */

/* Begin PBXVariantGroup section */
		2D00063B2406362F00D8D15D /* Main.storyboard */ = {
			isa = PBXVariantGroup;
			children = (
				2D00063C2406362F00D8D15D /* Base */,
			);
			name = Main.storyboard;
			sourceTree = "<group>";
		};
		2D0006402406363000D8D15D /* LaunchScreen.storyboard */ = {
			isa = PBXVariantGroup;
			children = (
				2D0006412406363000D8D15D /* Base */,
			);
			name = LaunchScreen.storyboard;
			sourceTree = "<group>";
		};
/* End PBXVariantGroup section */

/* Begin XCBuildConfiguration section */
		2D0006442406363000D8D15D /* Debug */ = {
			isa = XCBuildConfiguration;
			buildSettings = {
				ALWAYS_SEARCH_USER_PATHS = NO;
				CLANG_ANALYZER_NONNULL = YES;
				CLANG_ANALYZER_NUMBER_OBJECT_CONVERSION = YES_AGGRESSIVE;
				CLANG_CXX_LANGUAGE_STANDARD = "gnu++14";
				CLANG_CXX_LIBRARY = "libc++";
				CLANG_ENABLE_MODULES = YES;
				CLANG_ENABLE_OBJC_ARC = YES;
				CLANG_ENABLE_OBJC_WEAK = YES;
				CLANG_WARN_BLOCK_CAPTURE_AUTORELEASING = YES;
				CLANG_WARN_BOOL_CONVERSION = YES;
				CLANG_WARN_COMMA = YES;
				CLANG_WARN_CONSTANT_CONVERSION = YES;
				CLANG_WARN_DEPRECATED_OBJC_IMPLEMENTATIONS = YES;
				CLANG_WARN_DIRECT_OBJC_ISA_USAGE = YES_ERROR;
				CLANG_WARN_DOCUMENTATION_COMMENTS = YES;
				CLANG_WARN_EMPTY_BODY = YES;
				CLANG_WARN_ENUM_CONVERSION = YES;
				CLANG_WARN_INFINITE_RECURSION = YES;
				CLANG_WARN_INT_CONVERSION = YES;
				CLANG_WARN_NON_LITERAL_NULL_CONVERSION = YES;
				CLANG_WARN_OBJC_IMPLICIT_RETAIN_SELF = YES;
				CLANG_WARN_OBJC_LITERAL_CONVERSION = YES;
				CLANG_WARN_OBJC_ROOT_CLASS = YES_ERROR;
				CLANG_WARN_RANGE_LOOP_ANALYSIS = YES;
				CLANG_WARN_STRICT_PROTOTYPES = YES;
				CLANG_WARN_SUSPICIOUS_MOVE = YES;
				CLANG_WARN_UNGUARDED_AVAILABILITY = YES_AGGRESSIVE;
				CLANG_WARN_UNREACHABLE_CODE = YES;
				CLANG_WARN__DUPLICATE_METHOD_MATCH = YES;
				COPY_PHASE_STRIP = NO;
				DEBUG_INFORMATION_FORMAT = dwarf;
				ENABLE_STRICT_OBJC_MSGSEND = YES;
				ENABLE_TESTABILITY = YES;
				GCC_C_LANGUAGE_STANDARD = gnu11;
				GCC_DYNAMIC_NO_PIC = NO;
				GCC_NO_COMMON_BLOCKS = YES;
				GCC_OPTIMIZATION_LEVEL = 0;
				GCC_PREPROCESSOR_DEFINITIONS = (
					"DEBUG=1",
					"$(inherited)",
				);
				GCC_WARN_64_TO_32_BIT_CONVERSION = YES;
				GCC_WARN_ABOUT_RETURN_TYPE = YES_ERROR;
				GCC_WARN_UNDECLARED_SELECTOR = YES;
				GCC_WARN_UNINITIALIZED_AUTOS = YES_AGGRESSIVE;
				GCC_WARN_UNUSED_FUNCTION = YES;
				GCC_WARN_UNUSED_VARIABLE = YES;
				IPHONEOS_DEPLOYMENT_TARGET = 13.1;
				MTL_ENABLE_DEBUG_INFO = INCLUDE_SOURCE;
				MTL_FAST_MATH = YES;
				ONLY_ACTIVE_ARCH = YES;
				SDKROOT = iphoneos;
				SWIFT_ACTIVE_COMPILATION_CONDITIONS = DEBUG;
				SWIFT_OPTIMIZATION_LEVEL = "-Onone";
			};
			name = Debug;
		};
		2D0006452406363000D8D15D /* Release */ = {
			isa = XCBuildConfiguration;
			buildSettings = {
				ALWAYS_SEARCH_USER_PATHS = NO;
				CLANG_ANALYZER_NONNULL = YES;
				CLANG_ANALYZER_NUMBER_OBJECT_CONVERSION = YES_AGGRESSIVE;
				CLANG_CXX_LANGUAGE_STANDARD = "gnu++14";
				CLANG_CXX_LIBRARY = "libc++";
				CLANG_ENABLE_MODULES = YES;
				CLANG_ENABLE_OBJC_ARC = YES;
				CLANG_ENABLE_OBJC_WEAK = YES;
				CLANG_WARN_BLOCK_CAPTURE_AUTORELEASING = YES;
				CLANG_WARN_BOOL_CONVERSION = YES;
				CLANG_WARN_COMMA = YES;
				CLANG_WARN_CONSTANT_CONVERSION = YES;
				CLANG_WARN_DEPRECATED_OBJC_IMPLEMENTATIONS = YES;
				CLANG_WARN_DIRECT_OBJC_ISA_USAGE = YES_ERROR;
				CLANG_WARN_DOCUMENTATION_COMMENTS = YES;
				CLANG_WARN_EMPTY_BODY = YES;
				CLANG_WARN_ENUM_CONVERSION = YES;
				CLANG_WARN_INFINITE_RECURSION = YES;
				CLANG_WARN_INT_CONVERSION = YES;
				CLANG_WARN_NON_LITERAL_NULL_CONVERSION = YES;
				CLANG_WARN_OBJC_IMPLICIT_RETAIN_SELF = YES;
				CLANG_WARN_OBJC_LITERAL_CONVERSION = YES;
				CLANG_WARN_OBJC_ROOT_CLASS = YES_ERROR;
				CLANG_WARN_RANGE_LOOP_ANALYSIS = YES;
				CLANG_WARN_STRICT_PROTOTYPES = YES;
				CLANG_WARN_SUSPICIOUS_MOVE = YES;
				CLANG_WARN_UNGUARDED_AVAILABILITY = YES_AGGRESSIVE;
				CLANG_WARN_UNREACHABLE_CODE = YES;
				CLANG_WARN__DUPLICATE_METHOD_MATCH = YES;
				COPY_PHASE_STRIP = NO;
				DEBUG_INFORMATION_FORMAT = "dwarf-with-dsym";
				ENABLE_NS_ASSERTIONS = NO;
				ENABLE_STRICT_OBJC_MSGSEND = YES;
				GCC_C_LANGUAGE_STANDARD = gnu11;
				GCC_NO_COMMON_BLOCKS = YES;
				GCC_WARN_64_TO_32_BIT_CONVERSION = YES;
				GCC_WARN_ABOUT_RETURN_TYPE = YES_ERROR;
				GCC_WARN_UNDECLARED_SELECTOR = YES;
				GCC_WARN_UNINITIALIZED_AUTOS = YES_AGGRESSIVE;
				GCC_WARN_UNUSED_FUNCTION = YES;
				GCC_WARN_UNUSED_VARIABLE = YES;
				IPHONEOS_DEPLOYMENT_TARGET = 13.1;
				MTL_ENABLE_DEBUG_INFO = NO;
				MTL_FAST_MATH = YES;
				SDKROOT = iphoneos;
				SWIFT_COMPILATION_MODE = wholemodule;
				SWIFT_OPTIMIZATION_LEVEL = "-O";
				VALIDATE_PRODUCT = YES;
			};
			name = Release;
		};
		2D0006472406363000D8D15D /* Debug */ = {
			isa = XCBuildConfiguration;
			baseConfigurationReference = D05F0469D818F09B01DCE03A /* Pods-NeedyApp2.debug.xcconfig */;
			buildSettings = {
				ASSETCATALOG_COMPILER_APPICON_NAME = AppIcon;
				CODE_SIGN_STYLE = Automatic;
				DEVELOPMENT_TEAM = GM7K9USW94;
				INFOPLIST_FILE = NeedyApp2/Info.plist;
				LD_RUNPATH_SEARCH_PATHS = (
					"$(inherited)",
					"@executable_path/Frameworks",
				);
				PRODUCT_BUNDLE_IDENTIFIER = com.slimecorp.NeedyApp2;
				PRODUCT_NAME = "$(TARGET_NAME)";
				SWIFT_VERSION = 5.0;
				TARGETED_DEVICE_FAMILY = "1,2";
			};
			name = Debug;
		};
		2D0006482406363000D8D15D /* Release */ = {
			isa = XCBuildConfiguration;
			baseConfigurationReference = 5BE706387B0C3E280B37DC4D /* Pods-NeedyApp2.release.xcconfig */;
			buildSettings = {
				ASSETCATALOG_COMPILER_APPICON_NAME = AppIcon;
				CODE_SIGN_STYLE = Automatic;
				DEVELOPMENT_TEAM = GM7K9USW94;
				INFOPLIST_FILE = NeedyApp2/Info.plist;
				LD_RUNPATH_SEARCH_PATHS = (
					"$(inherited)",
					"@executable_path/Frameworks",
				);
				PRODUCT_BUNDLE_IDENTIFIER = com.slimecorp.NeedyApp2;
				PRODUCT_NAME = "$(TARGET_NAME)";
				SWIFT_VERSION = 5.0;
				TARGETED_DEVICE_FAMILY = "1,2";
			};
			name = Release;
		};
/* End XCBuildConfiguration section */

/* Begin XCConfigurationList section */
		2D00062D2406362F00D8D15D /* Build configuration list for PBXProject "NeedyApp2" */ = {
			isa = XCConfigurationList;
			buildConfigurations = (
				2D0006442406363000D8D15D /* Debug */,
				2D0006452406363000D8D15D /* Release */,
			);
			defaultConfigurationIsVisible = 0;
			defaultConfigurationName = Release;
		};
		2D0006462406363000D8D15D /* Build configuration list for PBXNativeTarget "NeedyApp2" */ = {
			isa = XCConfigurationList;
			buildConfigurations = (
				2D0006472406363000D8D15D /* Debug */,
				2D0006482406363000D8D15D /* Release */,
			);
			defaultConfigurationIsVisible = 0;
			defaultConfigurationName = Release;
		};
/* End XCConfigurationList section */
	};
	rootObject = 2D00062A2406362F00D8D15D /* Project object */;
}
